
Microsoft Visual Studio Solution File, Format Version 12.00
# Visual Studio Version 16
VisualStudioVersion = 16.0.31605.320
MinimumVisualStudioVersion = 10.0.40219.1
Project("{FAE04EC0-301F-11D3-BF4B-00C04F79EFBC}") = "RadioGUI", "RadioGUI.csproj", "{8694B164-3962-4BB1-A038-6AC998882CB9}"
EndProject
Global
	GlobalSection(SolutionConfigurationPlatforms) = preSolution
		Debug|Any CPU = Debug|Any CPU
		Release|Any CPU = Release|Any CPU
	EndGlobalSection
	GlobalSection(ProjectConfigurationPlatforms) = postSolution
		{8694B164-3962-4BB1-A038-6AC998882CB9}.Debug|Any CPU.ActiveCfg = Debug|Any CPU
		{8694B164-3962-4BB1-A038-6AC998882CB9}.Debug|Any CPU.Build.0 = Debug|Any CPU
		{8694B164-3962-4BB1-A038-6AC998882CB9}.Release|Any CPU.ActiveCfg = Release|Any CPU
		{8694B164-3962-4BB1-A038-6AC998882CB9}.Release|Any CPU.Build.0 = Release|Any CPU
	EndGlobalSection
	GlobalSection(SolutionProperties) = preSolution
		HideSolutionNode = FALSE
	EndGlobalSection
	GlobalSection(ExtensibilityGlobals) = postSolution
		SolutionGuid = {B4A0A297-18D1-4E67-AF65-66FDDA6C180A}
	EndGlobalSection
EndGlobal
