
Microsoft Visual Studio Solution File, Format Version 12.00
# Visual Studio Version 17
VisualStudioVersion = 17.3.32825.248
MinimumVisualStudioVersion = 10.0.40219.1
Project("{FAE04EC0-301F-11D3-BF4B-00C04F79EFBC}") = "CountingNegativePositiveAndZeroValues", "CountingNegativePositiveAndZeroValues.csproj", "{8CBD1A18-EE19-4586-A99A-6100A8536E08}"
EndProject
Global
	GlobalSection(SolutionConfigurationPlatforms) = preSolution
		Debug|Any CPU = Debug|Any CPU
		Release|Any CPU = Release|Any CPU
	EndGlobalSection
	GlobalSection(ProjectConfigurationPlatforms) = postSolution
		{8CBD1A18-EE19-4586-A99A-6100A8536E08}.Debug|Any CPU.ActiveCfg = Debug|Any CPU
		{8CBD1A18-EE19-4586-A99A-6100A8536E08}.Debug|Any CPU.Build.0 = Debug|Any CPU
		{8CBD1A18-EE19-4586-A99A-6100A8536E08}.Release|Any CPU.ActiveCfg = Release|Any CPU
		{8CBD1A18-EE19-4586-A99A-6100A8536E08}.Release|Any CPU.Build.0 = Release|Any CPU
	EndGlobalSection
	GlobalSection(SolutionProperties) = preSolution
		HideSolutionNode = FALSE
	EndGlobalSection
	GlobalSection(ExtensibilityGlobals) = postSolution
		SolutionGuid = {A7D79A29-B995-45AE-9352-0CCF4C75437F}
	EndGlobalSection
EndGlobal
