
Microsoft Visual Studio Solution File, Format Version 12.00
# Visual Studio Version 17
VisualStudioVersion = 17.3.32825.248
MinimumVisualStudioVersion = 10.0.40219.1
Project("{FAE04EC0-301F-11D3-BF4B-00C04F79EFBC}") = "ComparingIntegers", "ComparingIntegers.csproj", "{8810323B-486A-40D8-8E65-F3F3349CA776}"
EndProject
Global
	GlobalSection(SolutionConfigurationPlatforms) = preSolution
		Debug|Any CPU = Debug|Any CPU
		Release|Any CPU = Release|Any CPU
	EndGlobalSection
	GlobalSection(ProjectConfigurationPlatforms) = postSolution
		{8810323B-486A-40D8-8E65-F3F3349CA776}.Debug|Any CPU.ActiveCfg = Debug|Any CPU
		{8810323B-486A-40D8-8E65-F3F3349CA776}.Debug|Any CPU.Build.0 = Debug|Any CPU
		{8810323B-486A-40D8-8E65-F3F3349CA776}.Release|Any CPU.ActiveCfg = Release|Any CPU
		{8810323B-486A-40D8-8E65-F3F3349CA776}.Release|Any CPU.Build.0 = Release|Any CPU
	EndGlobalSection
	GlobalSection(SolutionProperties) = preSolution
		HideSolutionNode = FALSE
	EndGlobalSection
	GlobalSection(ExtensibilityGlobals) = postSolution
		SolutionGuid = {A38B02CB-E587-4906-8992-35F30A644216}
	EndGlobalSection
EndGlobal
