
Microsoft Visual Studio Solution File, Format Version 12.00
# Visual Studio Version 16
VisualStudioVersion = 16.0.31025.194
MinimumVisualStudioVersion = 10.0.40219.1
Project("{FAE04EC0-301F-11D3-BF4B-00C04F79EFBC}") = "DisplayingABarChart", "DisplayingABarChart.csproj", "{5A08E706-A920-45D9-ACB3-3EFC4CE50189}"
EndProject
Global
	GlobalSection(SolutionConfigurationPlatforms) = preSolution
		Debug|Any CPU = Debug|Any CPU
		Release|Any CPU = Release|Any CPU
	EndGlobalSection
	GlobalSection(ProjectConfigurationPlatforms) = postSolution
		{5A08E706-A920-45D9-ACB3-3EFC4CE50189}.Debug|Any CPU.ActiveCfg = Debug|Any CPU
		{5A08E706-A920-45D9-ACB3-3EFC4CE50189}.Debug|Any CPU.Build.0 = Debug|Any CPU
		{5A08E706-A920-45D9-ACB3-3EFC4CE50189}.Release|Any CPU.ActiveCfg = Release|Any CPU
		{5A08E706-A920-45D9-ACB3-3EFC4CE50189}.Release|Any CPU.Build.0 = Release|Any CPU
	EndGlobalSection
	GlobalSection(SolutionProperties) = preSolution
		HideSolutionNode = FALSE
	EndGlobalSection
	GlobalSection(ExtensibilityGlobals) = postSolution
		SolutionGuid = {23FCF0D4-F063-4838-B6FD-F733B1C856C1}
	EndGlobalSection
EndGlobal
