
Microsoft Visual Studio Solution File, Format Version 12.00
# Visual Studio Version 16
VisualStudioVersion = 16.0.31025.194
MinimumVisualStudioVersion = 10.0.40219.1
Project("{FAE04EC0-301F-11D3-BF4B-00C04F79EFBC}") = "Project3 (Lottery Ticket)", "Project3 (Lottery Ticket).csproj", "{228FC2D0-5875-4DAB-AAA1-7C0DC97C76A8}"
EndProject
Global
	GlobalSection(SolutionConfigurationPlatforms) = preSolution
		Debug|Any CPU = Debug|Any CPU
		Release|Any CPU = Release|Any CPU
	EndGlobalSection
	GlobalSection(ProjectConfigurationPlatforms) = postSolution
		{228FC2D0-5875-4DAB-AAA1-7C0DC97C76A8}.Debug|Any CPU.ActiveCfg = Debug|Any CPU
		{228FC2D0-5875-4DAB-AAA1-7C0DC97C76A8}.Debug|Any CPU.Build.0 = Debug|Any CPU
		{228FC2D0-5875-4DAB-AAA1-7C0DC97C76A8}.Release|Any CPU.ActiveCfg = Release|Any CPU
		{228FC2D0-5875-4DAB-AAA1-7C0DC97C76A8}.Release|Any CPU.Build.0 = Release|Any CPU
	EndGlobalSection
	GlobalSection(SolutionProperties) = preSolution
		HideSolutionNode = FALSE
	EndGlobalSection
	GlobalSection(ExtensibilityGlobals) = postSolution
		SolutionGuid = {CE6B0CE4-E250-484D-90EF-1B973FAC9653}
	EndGlobalSection
EndGlobal
