
Microsoft Visual Studio Solution File, Format Version 12.00
# Visual Studio Version 16
VisualStudioVersion = 16.0.31025.194
MinimumVisualStudioVersion = 10.0.40219.1
Project("{FAE04EC0-301F-11D3-BF4B-00C04F79EFBC}") = "AccountModification", "AccountModification.csproj", "{5A60578E-B768-485E-B9AD-002741B3DCA8}"
EndProject
Global
	GlobalSection(SolutionConfigurationPlatforms) = preSolution
		Debug|Any CPU = Debug|Any CPU
		Release|Any CPU = Release|Any CPU
	EndGlobalSection
	GlobalSection(ProjectConfigurationPlatforms) = postSolution
		{5A60578E-B768-485E-B9AD-002741B3DCA8}.Debug|Any CPU.ActiveCfg = Debug|Any CPU
		{5A60578E-B768-485E-B9AD-002741B3DCA8}.Debug|Any CPU.Build.0 = Debug|Any CPU
		{5A60578E-B768-485E-B9AD-002741B3DCA8}.Release|Any CPU.ActiveCfg = Release|Any CPU
		{5A60578E-B768-485E-B9AD-002741B3DCA8}.Release|Any CPU.Build.0 = Release|Any CPU
	EndGlobalSection
	GlobalSection(SolutionProperties) = preSolution
		HideSolutionNode = FALSE
	EndGlobalSection
	GlobalSection(ExtensibilityGlobals) = postSolution
		SolutionGuid = {A9DE33C8-5B51-471C-A4A8-5313CABB7765}
	EndGlobalSection
EndGlobal
