
Microsoft Visual Studio Solution File, Format Version 12.00
# Visual Studio Version 16
VisualStudioVersion = 16.0.31605.320
MinimumVisualStudioVersion = 10.0.40219.1
Project("{FAE04EC0-301F-11D3-BF4B-00C04F79EFBC}") = "Project 3", "Project 3.csproj", "{9B8B0E36-232D-42D7-9559-6C91C0CDB677}"
EndProject
Global
	GlobalSection(SolutionConfigurationPlatforms) = preSolution
		Debug|Any CPU = Debug|Any CPU
		Release|Any CPU = Release|Any CPU
	EndGlobalSection
	GlobalSection(ProjectConfigurationPlatforms) = postSolution
		{9B8B0E36-232D-42D7-9559-6C91C0CDB677}.Debug|Any CPU.ActiveCfg = Debug|Any CPU
		{9B8B0E36-232D-42D7-9559-6C91C0CDB677}.Debug|Any CPU.Build.0 = Debug|Any CPU
		{9B8B0E36-232D-42D7-9559-6C91C0CDB677}.Release|Any CPU.ActiveCfg = Release|Any CPU
		{9B8B0E36-232D-42D7-9559-6C91C0CDB677}.Release|Any CPU.Build.0 = Release|Any CPU
	EndGlobalSection
	GlobalSection(SolutionProperties) = preSolution
		HideSolutionNode = FALSE
	EndGlobalSection
	GlobalSection(ExtensibilityGlobals) = postSolution
		SolutionGuid = {935EC7C7-E4B7-483C-8E3F-6342A33D31B8}
	EndGlobalSection
EndGlobal
